
Microsoft Visual Studio Solution File, Format Version 12.00
# Visual Studio Version 17
VisualStudioVersion = 17.8.34322.80
MinimumVisualStudioVersion = 10.0.40219.1
Project("{54A90642-561A-4BB1-A94E-469ADEE60C69}") = "ecommerce.client", "ecommerce.client\ecommerce.client.esproj", "{EAAB94F7-4578-4B60-A500-A53A9018CB60}"
EndProject
Project("{9A19103F-16F7-4668-BE54-9A1E7A4F7556}") = "ECommerce.Server", "ECommerce.Server\ECommerce.Server.csproj", "{86020211-187A-465B-8145-283853B60B3A}"
EndProject
Project("{9A19103F-16F7-4668-BE54-9A1E7A4F7556}") = "ECommerce.Server.Models", "ECommerce.Server.Models\ECommerce.Server.Models.csproj", "{660B62DC-1399-4A24-926B-157E8F6C44B9}"
EndProject
Project("{9A19103F-16F7-4668-BE54-9A1E7A4F7556}") = "ECommerce.Server.Repositories", "ECommerce.Server.Repositories\ECommerce.Server.Repositories.csproj", "{584C40D8-4DED-44AB-8D0E-647AC7397ED5}"
EndProject
Project("{9A19103F-16F7-4668-BE54-9A1E7A4F7556}") = "ECommerce.Server.Services", "ECommerce.Server.Services\ECommerce.Server.Services.csproj", "{81B3E3AD-AC4A-49B2-A766-AE0878FB63F8}"
EndProject
Project("{9A19103F-16F7-4668-BE54-9A1E7A4F7556}") = "ECommerce.DAL", "ECommerce.Server.DAL\ECommerce.DAL.csproj", "{06B0D0C7-180F-4BCF-858B-0EF91416021F}"
EndProject
Global
	GlobalSection(SolutionConfigurationPlatforms) = preSolution
		Debug|Any CPU = Debug|Any CPU
		Release|Any CPU = Release|Any CPU
	EndGlobalSection
	GlobalSection(ProjectConfigurationPlatforms) = postSolution
		{EAAB94F7-4578-4B60-A500-A53A9018CB60}.Debug|Any CPU.ActiveCfg = Debug|Any CPU
		{EAAB94F7-4578-4B60-A500-A53A9018CB60}.Debug|Any CPU.Build.0 = Debug|Any CPU
		{EAAB94F7-4578-4B60-A500-A53A9018CB60}.Debug|Any CPU.Deploy.0 = Debug|Any CPU
		{EAAB94F7-4578-4B60-A500-A53A9018CB60}.Release|Any CPU.ActiveCfg = Release|Any CPU
		{EAAB94F7-4578-4B60-A500-A53A9018CB60}.Release|Any CPU.Build.0 = Release|Any CPU
		{EAAB94F7-4578-4B60-A500-A53A9018CB60}.Release|Any CPU.Deploy.0 = Release|Any CPU
		{86020211-187A-465B-8145-283853B60B3A}.Debug|Any CPU.ActiveCfg = Debug|Any CPU
		{86020211-187A-465B-8145-283853B60B3A}.Debug|Any CPU.Build.0 = Debug|Any CPU
		{86020211-187A-465B-8145-283853B60B3A}.Release|Any CPU.ActiveCfg = Release|Any CPU
		{86020211-187A-465B-8145-283853B60B3A}.Release|Any CPU.Build.0 = Release|Any CPU
		{660B62DC-1399-4A24-926B-157E8F6C44B9}.Debug|Any CPU.ActiveCfg = Debug|Any CPU
		{660B62DC-1399-4A24-926B-157E8F6C44B9}.Debug|Any CPU.Build.0 = Debug|Any CPU
		{660B62DC-1399-4A24-926B-157E8F6C44B9}.Release|Any CPU.ActiveCfg = Release|Any CPU
		{660B62DC-1399-4A24-926B-157E8F6C44B9}.Release|Any CPU.Build.0 = Release|Any CPU
		{584C40D8-4DED-44AB-8D0E-647AC7397ED5}.Debug|Any CPU.ActiveCfg = Debug|Any CPU
		{584C40D8-4DED-44AB-8D0E-647AC7397ED5}.Debug|Any CPU.Build.0 = Debug|Any CPU
		{584C40D8-4DED-44AB-8D0E-647AC7397ED5}.Release|Any CPU.ActiveCfg = Release|Any CPU
		{584C40D8-4DED-44AB-8D0E-647AC7397ED5}.Release|Any CPU.Build.0 = Release|Any CPU
		{81B3E3AD-AC4A-49B2-A766-AE0878FB63F8}.Debug|Any CPU.ActiveCfg = Debug|Any CPU
		{81B3E3AD-AC4A-49B2-A766-AE0878FB63F8}.Debug|Any CPU.Build.0 = Debug|Any CPU
		{81B3E3AD-AC4A-49B2-A766-AE0878FB63F8}.Release|Any CPU.ActiveCfg = Release|Any CPU
		{81B3E3AD-AC4A-49B2-A766-AE0878FB63F8}.Release|Any CPU.Build.0 = Release|Any CPU
		{06B0D0C7-180F-4BCF-858B-0EF91416021F}.Debug|Any CPU.ActiveCfg = Debug|Any CPU
		{06B0D0C7-180F-4BCF-858B-0EF91416021F}.Debug|Any CPU.Build.0 = Debug|Any CPU
		{06B0D0C7-180F-4BCF-858B-0EF91416021F}.Release|Any CPU.ActiveCfg = Release|Any CPU
		{06B0D0C7-180F-4BCF-858B-0EF91416021F}.Release|Any CPU.Build.0 = Release|Any CPU
	EndGlobalSection
	GlobalSection(SolutionProperties) = preSolution
		HideSolutionNode = FALSE
	EndGlobalSection
	GlobalSection(ExtensibilityGlobals) = postSolution
		SolutionGuid = {6AEF5B58-2149-45DA-9942-0AC48DDBB436}
	EndGlobalSection
EndGlobal
